
Microsoft Visual Studio Solution File, Format Version 12.00
# Visual Studio Version 17
VisualStudioVersion = 17.12.35527.113
MinimumVisualStudioVersion = 10.0.40219.1
Project("{8BC9CEB8-8B4A-11D0-8D11-00A0C91BC942}") = "DataConteiners", "DataConteiners\DataConteiners.vcxproj", "{14BF386F-0C0F-4921-9C69-32D4B47F8503}"
EndProject
Project("{8BC9CEB8-8B4A-11D0-8D11-00A0C91BC942}") = "ForwardList", "ForwardList\ForwardList.vcxproj", "{74CC947F-A706-4F2E-BB64-1A9FBB47533E}"
EndProject
Project("{8BC9CEB8-8B4A-11D0-8D11-00A0C91BC942}") = "list", "list\list.vcxproj", "{FD1FD8E3-1240-46DF-9D37-3DCFF8099AF4}"
EndProject
Project("{8BC9CEB8-8B4A-11D0-8D11-00A0C91BC942}") = "Recursion", "Recursion\Recursion.vcxproj", "{2A5F22D7-0944-4826-A825-86163FE3AE25}"
EndProject
Project("{8BC9CEB8-8B4A-11D0-8D11-00A0C91BC942}") = "BinaryTree", "BinaryTree\BinaryTree.vcxproj", "{D2884C55-35F6-4EDD-988D-6DEBB1D9F38B}"
EndProject
Global
	GlobalSection(SolutionConfigurationPlatforms) = preSolution
		Debug|x64 = Debug|x64
		Debug|x86 = Debug|x86
		Release|x64 = Release|x64
		Release|x86 = Release|x86
	EndGlobalSection
	GlobalSection(ProjectConfigurationPlatforms) = postSolution
		{14BF386F-0C0F-4921-9C69-32D4B47F8503}.Debug|x64.ActiveCfg = Debug|x64
		{14BF386F-0C0F-4921-9C69-32D4B47F8503}.Debug|x64.Build.0 = Debug|x64
		{14BF386F-0C0F-4921-9C69-32D4B47F8503}.Debug|x86.ActiveCfg = Debug|Win32
		{14BF386F-0C0F-4921-9C69-32D4B47F8503}.Debug|x86.Build.0 = Debug|Win32
		{14BF386F-0C0F-4921-9C69-32D4B47F8503}.Release|x64.ActiveCfg = Release|x64
		{14BF386F-0C0F-4921-9C69-32D4B47F8503}.Release|x64.Build.0 = Release|x64
		{14BF386F-0C0F-4921-9C69-32D4B47F8503}.Release|x86.ActiveCfg = Release|Win32
		{14BF386F-0C0F-4921-9C69-32D4B47F8503}.Release|x86.Build.0 = Release|Win32
		{74CC947F-A706-4F2E-BB64-1A9FBB47533E}.Debug|x64.ActiveCfg = Debug|x64
		{74CC947F-A706-4F2E-BB64-1A9FBB47533E}.Debug|x64.Build.0 = Debug|x64
		{74CC947F-A706-4F2E-BB64-1A9FBB47533E}.Debug|x86.ActiveCfg = Debug|Win32
		{74CC947F-A706-4F2E-BB64-1A9FBB47533E}.Debug|x86.Build.0 = Debug|Win32
		{74CC947F-A706-4F2E-BB64-1A9FBB47533E}.Release|x64.ActiveCfg = Release|x64
		{74CC947F-A706-4F2E-BB64-1A9FBB47533E}.Release|x64.Build.0 = Release|x64
		{74CC947F-A706-4F2E-BB64-1A9FBB47533E}.Release|x86.ActiveCfg = Release|Win32
		{74CC947F-A706-4F2E-BB64-1A9FBB47533E}.Release|x86.Build.0 = Release|Win32
		{FD1FD8E3-1240-46DF-9D37-3DCFF8099AF4}.Debug|x64.ActiveCfg = Debug|x64
		{FD1FD8E3-1240-46DF-9D37-3DCFF8099AF4}.Debug|x64.Build.0 = Debug|x64
		{FD1FD8E3-1240-46DF-9D37-3DCFF8099AF4}.Debug|x86.ActiveCfg = Debug|Win32
		{FD1FD8E3-1240-46DF-9D37-3DCFF8099AF4}.Debug|x86.Build.0 = Debug|Win32
		{FD1FD8E3-1240-46DF-9D37-3DCFF8099AF4}.Release|x64.ActiveCfg = Release|x64
		{FD1FD8E3-1240-46DF-9D37-3DCFF8099AF4}.Release|x64.Build.0 = Release|x64
		{FD1FD8E3-1240-46DF-9D37-3DCFF8099AF4}.Release|x86.ActiveCfg = Release|Win32
		{FD1FD8E3-1240-46DF-9D37-3DCFF8099AF4}.Release|x86.Build.0 = Release|Win32
		{2A5F22D7-0944-4826-A825-86163FE3AE25}.Debug|x64.ActiveCfg = Debug|x64
		{2A5F22D7-0944-4826-A825-86163FE3AE25}.Debug|x64.Build.0 = Debug|x64
		{2A5F22D7-0944-4826-A825-86163FE3AE25}.Debug|x86.ActiveCfg = Debug|Win32
		{2A5F22D7-0944-4826-A825-86163FE3AE25}.Debug|x86.Build.0 = Debug|Win32
		{2A5F22D7-0944-4826-A825-86163FE3AE25}.Release|x64.ActiveCfg = Release|x64
		{2A5F22D7-0944-4826-A825-86163FE3AE25}.Release|x64.Build.0 = Release|x64
		{2A5F22D7-0944-4826-A825-86163FE3AE25}.Release|x86.ActiveCfg = Release|Win32
		{2A5F22D7-0944-4826-A825-86163FE3AE25}.Release|x86.Build.0 = Release|Win32
		{D2884C55-35F6-4EDD-988D-6DEBB1D9F38B}.Debug|x64.ActiveCfg = Debug|x64
		{D2884C55-35F6-4EDD-988D-6DEBB1D9F38B}.Debug|x64.Build.0 = Debug|x64
		{D2884C55-35F6-4EDD-988D-6DEBB1D9F38B}.Debug|x86.ActiveCfg = Debug|Win32
		{D2884C55-35F6-4EDD-988D-6DEBB1D9F38B}.Debug|x86.Build.0 = Debug|Win32
		{D2884C55-35F6-4EDD-988D-6DEBB1D9F38B}.Release|x64.ActiveCfg = Release|x64
		{D2884C55-35F6-4EDD-988D-6DEBB1D9F38B}.Release|x64.Build.0 = Release|x64
		{D2884C55-35F6-4EDD-988D-6DEBB1D9F38B}.Release|x86.ActiveCfg = Release|Win32
		{D2884C55-35F6-4EDD-988D-6DEBB1D9F38B}.Release|x86.Build.0 = Release|Win32
	EndGlobalSection
	GlobalSection(SolutionProperties) = preSolution
		HideSolutionNode = FALSE
	EndGlobalSection
EndGlobal
